version = 1
requires-python = ">=3.12"

[[package]]
name = "django-unasyncify"
version = "0.1.0"
source = { editable = "." }
dependencies = [
    { name = "libcst" },
]

[package.metadata]
requires-dist = [{ name = "libcst", specifier = ">=1.6.0" }]

[[package]]
name = "libcst"
version = "1.6.0"
source = { registry = "https://pypi.org/simple" }
dependencies = [
    { name = "pyyaml" },
]
sdist = { url = "https://files.pythonhosted.org/packages/f4/ec/d24c0ad33838dfbfe20a760b301d529c63cef32f8b91dae380c97f8bf127/libcst-1.6.0.tar.gz", hash = "sha256:e80ecdbe3fa43b3793cae8fa0b07a985bd9a693edbe6e9d076f5422ecadbf0db", size = 776146 }
wheels = [
    { url = "https://files.pythonhosted.org/packages/89/ca/4b92261d0cecfab5e22ccd7582f5b2d6fec9ec19884d28d66f1bc1dc9b79/libcst-1.6.0-cp312-cp312-macosx_11_0_arm64.whl", hash = "sha256:cd2b28688dabf0f7a166b47ab1c7d5c0b6ef8c9a05ad932618471a33fe591a4a", size = 2044342 },
    { url = "https://files.pythonhosted.org/packages/39/cb/3764a5eb00e3e31f3ce28e8abd1aa99934bc63006798799593d3525d2677/libcst-1.6.0-cp312-cp312-manylinux_2_17_aarch64.manylinux2014_aarch64.whl", hash = "sha256:6a12a4766ce5874ccb31a1cc095cff47e2fb35755954965fe77458d9e5b361a8", size = 2202123 },
    { url = "https://files.pythonhosted.org/packages/6e/0d/ec24969e39a6d9afee6080366de7303d59b43611882a29b30fc28dba0488/libcst-1.6.0-cp312-cp312-manylinux_2_17_x86_64.manylinux2014_x86_64.whl", hash = "sha256:bfcd78a5e775f155054ed50d047a260cd23f0f6a89ef2a57e10bdb9c697680b8", size = 2303775 },
    { url = "https://files.pythonhosted.org/packages/36/a3/c40304fe76c3add626dc19ab2c1ecbcfd1df7714414d7b4e3a0d130a8389/libcst-1.6.0-cp312-cp312-manylinux_2_5_i686.manylinux1_i686.manylinux_2_17_i686.manylinux2014_i686.whl", hash = "sha256:5786240358b122ad901bb0b7e6b7467085b2317333233d7c7d7cac46388fbd77", size = 2388341 },
    { url = "https://files.pythonhosted.org/packages/c3/f1/e820b8f9e19769ca7a57a719980abacf805609777a58df68ed1cb8cd328d/libcst-1.6.0-cp312-cp312-musllinux_1_2_aarch64.whl", hash = "sha256:c527472093b5b64ffa65d33c472da38952827abbca18c786d559d6d6122bc891", size = 2248883 },
    { url = "https://files.pythonhosted.org/packages/6c/d4/bc4c91f61dbb892db53148f39d6d8a45a5cbb4c19953ededb39bbcf60d3d/libcst-1.6.0-cp312-cp312-musllinux_1_2_x86_64.whl", hash = "sha256:63a8893dfc344b9b08bfaf4e433b16a7e2e9361f8362fa73eaecc4d379c328ba", size = 2365027 },
    { url = "https://files.pythonhosted.org/packages/e1/b5/d84b56528f88e7f3fe792b91bd21beb406159b3283bd7c891737982f7b07/libcst-1.6.0-cp312-cp312-win_amd64.whl", hash = "sha256:4cd011fcd79b76be216440ec296057780223674bc2566662c4bc50d3c5ecd58e", size = 2070680 },
    { url = "https://files.pythonhosted.org/packages/04/3e/80f5bbcc06a8d101d1a35ff1c7c0866e6b41ae07843a47e5c6c84f5bbf10/libcst-1.6.0-cp313-cp313-macosx_11_0_arm64.whl", hash = "sha256:96506807dc01c9efcea8ab57d9ea18fdc87b85514cc8ee2f8568fab6df861f02", size = 2044340 },
    { url = "https://files.pythonhosted.org/packages/2c/b3/1f36c271a91eef880740a7826d7a953dbcec434adcbee070a2e75cfb94d0/libcst-1.6.0-cp313-cp313-manylinux_2_17_aarch64.manylinux2014_aarch64.whl", hash = "sha256:dac722aade8796a1e78662c3ed424f0ab9f1dc0e8fdf3088610354cdd709e53f", size = 2202286 },
    { url = "https://files.pythonhosted.org/packages/c4/23/dbb2bbe21c1943dcd52be7423ddb9e9b7ab1cf4c44e25cceee30fa2136db/libcst-1.6.0-cp313-cp313-manylinux_2_17_x86_64.manylinux2014_x86_64.whl", hash = "sha256:1b8370d0f7092a17b7fcda0e1539d0162cf35a0c19af94842b09c9dddc382acd", size = 2303867 },
    { url = "https://files.pythonhosted.org/packages/e6/49/61bb0baa61745dc7b91fdb97fbed16149b22d88f254696d54645fea9df25/libcst-1.6.0-cp313-cp313-manylinux_2_5_i686.manylinux1_i686.manylinux_2_17_i686.manylinux2014_i686.whl", hash = "sha256:8e4fcd791cab0fe8287b6edd0d78512b6475b87d906562a5d2d0999cb6d23b8d", size = 2389158 },
    { url = "https://files.pythonhosted.org/packages/3c/39/dcfe6c02e087e3241e8e799b2ddb92e32a65076eec846205e96e3a928139/libcst-1.6.0-cp313-cp313-musllinux_1_2_aarch64.whl", hash = "sha256:3fb953fc0155532f366ff40f6a23f191250134d6928e02074ae4eb3531fa6c30", size = 2248820 },
    { url = "https://files.pythonhosted.org/packages/20/5b/db239fcf1417bdff283ed76b027b4039e1c377d38aa3b979f32bcf34fa94/libcst-1.6.0-cp313-cp313-musllinux_1_2_x86_64.whl", hash = "sha256:2f3c85602e5a6d3aec0a8fc74230363f943004d7c2b2a6a1c09b320b61692241", size = 2365139 },
    { url = "https://files.pythonhosted.org/packages/38/7f/ed56f5724305c08235d1edc580275aa13c8303e93d374d4fe73162907e88/libcst-1.6.0-cp313-cp313-win_amd64.whl", hash = "sha256:c4486921bebd33d67bbbd605aff8bfaefd2d13dc73c20c1fde2fb245880b7fd6", size = 2070695 },
]

[[package]]
name = "pyyaml"
version = "6.0.2"
source = { registry = "https://pypi.org/simple" }
sdist = { url = "https://files.pythonhosted.org/packages/54/ed/79a089b6be93607fa5cdaedf301d7dfb23af5f25c398d5ead2525b063e17/pyyaml-6.0.2.tar.gz", hash = "sha256:d584d9ec91ad65861cc08d42e834324ef890a082e591037abe114850ff7bbc3e", size = 130631 }
wheels = [
    { url = "https://files.pythonhosted.org/packages/86/0c/c581167fc46d6d6d7ddcfb8c843a4de25bdd27e4466938109ca68492292c/PyYAML-6.0.2-cp312-cp312-macosx_10_9_x86_64.whl", hash = "sha256:c70c95198c015b85feafc136515252a261a84561b7b1d51e3384e0655ddf25ab", size = 183873 },
    { url = "https://files.pythonhosted.org/packages/a8/0c/38374f5bb272c051e2a69281d71cba6fdb983413e6758b84482905e29a5d/PyYAML-6.0.2-cp312-cp312-macosx_11_0_arm64.whl", hash = "sha256:ce826d6ef20b1bc864f0a68340c8b3287705cae2f8b4b1d932177dcc76721725", size = 173302 },
    { url = "https://files.pythonhosted.org/packages/c3/93/9916574aa8c00aa06bbac729972eb1071d002b8e158bd0e83a3b9a20a1f7/PyYAML-6.0.2-cp312-cp312-manylinux_2_17_aarch64.manylinux2014_aarch64.whl", hash = "sha256:1f71ea527786de97d1a0cc0eacd1defc0985dcf6b3f17bb77dcfc8c34bec4dc5", size = 739154 },
    { url = "https://files.pythonhosted.org/packages/95/0f/b8938f1cbd09739c6da569d172531567dbcc9789e0029aa070856f123984/PyYAML-6.0.2-cp312-cp312-manylinux_2_17_s390x.manylinux2014_s390x.whl", hash = "sha256:9b22676e8097e9e22e36d6b7bda33190d0d400f345f23d4065d48f4ca7ae0425", size = 766223 },
    { url = "https://files.pythonhosted.org/packages/b9/2b/614b4752f2e127db5cc206abc23a8c19678e92b23c3db30fc86ab731d3bd/PyYAML-6.0.2-cp312-cp312-manylinux_2_17_x86_64.manylinux2014_x86_64.whl", hash = "sha256:80bab7bfc629882493af4aa31a4cfa43a4c57c83813253626916b8c7ada83476", size = 767542 },
    { url = "https://files.pythonhosted.org/packages/d4/00/dd137d5bcc7efea1836d6264f049359861cf548469d18da90cd8216cf05f/PyYAML-6.0.2-cp312-cp312-musllinux_1_1_aarch64.whl", hash = "sha256:0833f8694549e586547b576dcfaba4a6b55b9e96098b36cdc7ebefe667dfed48", size = 731164 },
    { url = "https://files.pythonhosted.org/packages/c9/1f/4f998c900485e5c0ef43838363ba4a9723ac0ad73a9dc42068b12aaba4e4/PyYAML-6.0.2-cp312-cp312-musllinux_1_1_x86_64.whl", hash = "sha256:8b9c7197f7cb2738065c481a0461e50ad02f18c78cd75775628afb4d7137fb3b", size = 756611 },
    { url = "https://files.pythonhosted.org/packages/df/d1/f5a275fdb252768b7a11ec63585bc38d0e87c9e05668a139fea92b80634c/PyYAML-6.0.2-cp312-cp312-win32.whl", hash = "sha256:ef6107725bd54b262d6dedcc2af448a266975032bc85ef0172c5f059da6325b4", size = 140591 },
    { url = "https://files.pythonhosted.org/packages/0c/e8/4f648c598b17c3d06e8753d7d13d57542b30d56e6c2dedf9c331ae56312e/PyYAML-6.0.2-cp312-cp312-win_amd64.whl", hash = "sha256:7e7401d0de89a9a855c839bc697c079a4af81cf878373abd7dc625847d25cbd8", size = 156338 },
    { url = "https://files.pythonhosted.org/packages/ef/e3/3af305b830494fa85d95f6d95ef7fa73f2ee1cc8ef5b495c7c3269fb835f/PyYAML-6.0.2-cp313-cp313-macosx_10_13_x86_64.whl", hash = "sha256:efdca5630322a10774e8e98e1af481aad470dd62c3170801852d752aa7a783ba", size = 181309 },
    { url = "https://files.pythonhosted.org/packages/45/9f/3b1c20a0b7a3200524eb0076cc027a970d320bd3a6592873c85c92a08731/PyYAML-6.0.2-cp313-cp313-macosx_11_0_arm64.whl", hash = "sha256:50187695423ffe49e2deacb8cd10510bc361faac997de9efef88badc3bb9e2d1", size = 171679 },
    { url = "https://files.pythonhosted.org/packages/7c/9a/337322f27005c33bcb656c655fa78325b730324c78620e8328ae28b64d0c/PyYAML-6.0.2-cp313-cp313-manylinux_2_17_aarch64.manylinux2014_aarch64.whl", hash = "sha256:0ffe8360bab4910ef1b9e87fb812d8bc0a308b0d0eef8c8f44e0254ab3b07133", size = 733428 },
    { url = "https://files.pythonhosted.org/packages/a3/69/864fbe19e6c18ea3cc196cbe5d392175b4cf3d5d0ac1403ec3f2d237ebb5/PyYAML-6.0.2-cp313-cp313-manylinux_2_17_s390x.manylinux2014_s390x.whl", hash = "sha256:17e311b6c678207928d649faa7cb0d7b4c26a0ba73d41e99c4fff6b6c3276484", size = 763361 },
    { url = "https://files.pythonhosted.org/packages/04/24/b7721e4845c2f162d26f50521b825fb061bc0a5afcf9a386840f23ea19fa/PyYAML-6.0.2-cp313-cp313-manylinux_2_17_x86_64.manylinux2014_x86_64.whl", hash = "sha256:70b189594dbe54f75ab3a1acec5f1e3faa7e8cf2f1e08d9b561cb41b845f69d5", size = 759523 },
    { url = "https://files.pythonhosted.org/packages/2b/b2/e3234f59ba06559c6ff63c4e10baea10e5e7df868092bf9ab40e5b9c56b6/PyYAML-6.0.2-cp313-cp313-musllinux_1_1_aarch64.whl", hash = "sha256:41e4e3953a79407c794916fa277a82531dd93aad34e29c2a514c2c0c5fe971cc", size = 726660 },
    { url = "https://files.pythonhosted.org/packages/fe/0f/25911a9f080464c59fab9027482f822b86bf0608957a5fcc6eaac85aa515/PyYAML-6.0.2-cp313-cp313-musllinux_1_1_x86_64.whl", hash = "sha256:68ccc6023a3400877818152ad9a1033e3db8625d899c72eacb5a668902e4d652", size = 751597 },
    { url = "https://files.pythonhosted.org/packages/14/0d/e2c3b43bbce3cf6bd97c840b46088a3031085179e596d4929729d8d68270/PyYAML-6.0.2-cp313-cp313-win32.whl", hash = "sha256:bc2fa7c6b47d6bc618dd7fb02ef6fdedb1090ec036abab80d4681424b84c1183", size = 140527 },
    { url = "https://files.pythonhosted.org/packages/fa/de/02b54f42487e3d3c6efb3f89428677074ca7bf43aae402517bc7cca949f3/PyYAML-6.0.2-cp313-cp313-win_amd64.whl", hash = "sha256:8388ee1976c416731879ac16da0aff3f63b286ffdd57cdeb95f3f2e085687563", size = 156446 },
]
